PODS:
  - Flutter (1.0.0)
  - flutter_phone_direct_caller (0.0.1):
    - Flutter
  - flutter_string_encryption (0.0.1):
    - Flutter
    - SCrypto (~> 2.0)
  - geocoder (0.0.1):
    - Flutter
  - geolocator (6.2.0):
    - Flutter
  - google_maps_flutter (0.0.1):
    - Flutter
    - GoogleMaps (< 3.10)
  - GoogleMaps (3.9.0):
    - GoogleMaps/Maps (= 3.9.0)
  - GoogleMaps/Base (3.9.0)
  - GoogleMaps/Maps (3.9.0):
    - GoogleMaps/Base
  - SCrypto (2.0.0)
  - url_launcher (0.0.1):
    - Flutter

DEPENDENCIES:
  - Flutter (from `Flutter`)
  - flutter_phone_direct_caller (from `.symlinks/plugins/flutter_phone_direct_caller/ios`)
  - flutter_string_encryption (from `.symlinks/plugins/flutter_string_encryption/ios`)
  - geocoder (from `.symlinks/plugins/geocoder/ios`)
  - geolocator (from `.symlinks/plugins/geolocator/ios`)
  - google_maps_flutter (from `.symlinks/plugins/google_maps_flutter/ios`)
  - url_launcher (from `.symlinks/plugins/url_launcher/ios`)

SPEC REPOS:
  trunk:
    - GoogleMaps
    - SCrypto

EXTERNAL SOURCES:
  Flutter:
    :path: Flutter
  flutter_phone_direct_caller:
    :path: ".symlinks/plugins/flutter_phone_direct_caller/ios"
  flutter_string_encryption:
    :path: ".symlinks/plugins/flutter_string_encryption/ios"
  geocoder:
    :path: ".symlinks/plugins/geocoder/ios"
  geolocator:
    :path: ".symlinks/plugins/geolocator/ios"
  google_maps_flutter:
    :path: ".symlinks/plugins/google_maps_flutter/ios"
  url_launcher:
    :path: ".symlinks/plugins/url_launcher/ios"

SPEC CHECKSUMS:
  Flutter: 0e3d915762c693b495b44d77113d4970485de6ec
  flutter_phone_direct_caller: bd2ffd297f371a8a6c7bfbba0196964ffe3c4358
  flutter_string_encryption: e382d87149c0d6b947204315e6c601a9c4792655
  geocoder: 3cfab70531a0b367e917bafe82df4c30f6d4c45a
  geolocator: f5e3de65e241caba7ce3e8a618803387bda73384
  google_maps_flutter: c7f9c73576de1fbe152a227bfd6e6c4ae8088619
  GoogleMaps: 4b5346bddfe6911bb89155d43c903020170523ac
  SCrypto: 8287dcf6151df38f9bc0efad2ed982c54a96d1b8
  url_launcher: 6fef411d543ceb26efce54b05a0a40bfd74cbbef

PODFILE CHECKSUM: 32c537f7bc87f32f1a583fb05ef239f0a76f2b99

COCOAPODS: 1.10.1
